// !$*UTF8*$!
{
	archiveVersion = 1;
	classes = {
	};
	objectVersion = 48;
	objects = {

/* Begin PBXBuildFile section */
		104A1CDF20037BF4007C5559 /* AppDelegate.swift in Sources */ = {isa = PBXBuildFile; fileRef = 104A1CDE20037BF4007C5559 /* AppDelegate.swift */; };
		104A1CE120037BF4007C5559 /* GoalsVC.swift in Sources */ = {isa = PBXBuildFile; fileRef = 104A1CE020037BF4007C5559 /* GoalsVC.swift */; };
		104A1CE420037BF4007C5559 /* Main.storyboard in Resources */ = {isa = PBXBuildFile; fileRef = 104A1CE220037BF4007C5559 /* Main.storyboard */; };
		104A1CE720037BF4007C5559 /* GoalPost_app.xcdatamodeld in Sources */ = {isa = PBXBuildFile; fileRef = 104A1CE520037BF4007C5559 /* GoalPost_app.xcdatamodeld */; };
		104A1CE920037BF4007C5559 /* Assets.xcassets in Resources */ = {isa = PBXBuildFile; fileRef = 104A1CE820037BF4007C5559 /* Assets.xcassets */; };
		104A1CEC20037BF4007C5559 /* LaunchScreen.storyboard in Resources */ = {isa = PBXBuildFile; fileRef = 104A1CEA20037BF4007C5559 /* LaunchScreen.storyboard */; };
		104A1CF920037FAA007C5559 /* Constants.swift in Sources */ = {isa = PBXBuildFile; fileRef = 104A1CF820037FAA007C5559 /* Constants.swift */; };
		104A1CFB200383F5007C5559 /* GoalCell.swift in Sources */ = {isa = PBXBuildFile; fileRef = 104A1CFA200383F5007C5559 /* GoalCell.swift */; };
		104A1CFD20038904007C5559 /* GoalType.swift in Sources */ = {isa = PBXBuildFile; fileRef = 104A1CFC20038904007C5559 /* GoalType.swift */; };
		104A1CFF2003AFB8007C5559 /* CreateGoalVC.swift in Sources */ = {isa = PBXBuildFile; fileRef = 104A1CFE2003AFB8007C5559 /* CreateGoalVC.swift */; };
		104A1D012003B0B0007C5559 /* UIViewControllerExt.swift in Sources */ = {isa = PBXBuildFile; fileRef = 104A1D002003B0B0007C5559 /* UIViewControllerExt.swift */; };
/* End PBXBuildFile section */

/* Begin PBXFileReference section */
		104A1CDB20037BF4007C5559 /* GoalPost-app.app */ = {isa = PBXFileReference; explicitFileType = wrapper.application; includeInIndex = 0; path = "GoalPost-app.app"; sourceTree = BUILT_PRODUCTS_DIR; };
		104A1CDE20037BF4007C5559 /* AppDelegate.swift */ = {isa = PBXFileReference; lastKnownFileType = sourcecode.swift; path = AppDelegate.swift; sourceTree = "<group>"; };
		104A1CE020037BF4007C5559 /* GoalsVC.swift */ = {isa = PBXFileReference; lastKnownFileType = sourcecode.swift; path = GoalsVC.swift; sourceTree = "<group>"; };
		104A1CE320037BF4007C5559 /* Base */ = {isa = PBXFileReference; lastKnownFileType = file.storyboard; name = Base; path = Base.lproj/Main.storyboard; sourceTree = "<group>"; };
		104A1CE620037BF4007C5559 /* GoalPost_app.xcdatamodel */ = {isa = PBXFileReference; lastKnownFileType = wrapper.xcdatamodel; path = GoalPost_app.xcdatamodel; sourceTree = "<group>"; };
		104A1CE820037BF4007C5559 /* Assets.xcassets */ = {isa = PBXFileReference; lastKnownFileType = folder.assetcatalog; path = Assets.xcassets; sourceTree = "<group>"; };
		104A1CEB20037BF4007C5559 /* Base */ = {isa = PBXFileReference; lastKnownFileType = file.storyboard; name = Base; path = Base.lproj/LaunchScreen.storyboard; sourceTree = "<group>"; };
		104A1CED20037BF4007C5559 /* Info.plist */ = {isa = PBXFileReference; lastKnownFileType = text.plist.xml; path = Info.plist; sourceTree = "<group>"; };
		104A1CF820037FAA007C5559 /* Constants.swift */ = {isa = PBXFileReference; lastKnownFileType = sourcecode.swift; path = Constants.swift; sourceTree = "<group>"; };
		104A1CFA200383F5007C5559 /* GoalCell.swift */ = {isa = PBXFileReference; lastKnownFileType = sourcecode.swift; path = GoalCell.swift; sourceTree = "<group>"; };
		104A1CFC20038904007C5559 /* GoalType.swift */ = {isa = PBXFileReference; lastKnownFileType = sourcecode.swift; path = GoalType.swift; sourceTree = "<group>"; };
		104A1CFE2003AFB8007C5559 /* CreateGoalVC.swift */ = {isa = PBXFileReference; lastKnownFileType = sourcecode.swift; path = CreateGoalVC.swift; sourceTree = "<group>"; };
		104A1D002003B0B0007C5559 /* UIViewControllerExt.swift */ = {isa = PBXFileReference; lastKnownFileType = sourcecode.swift; path = UIViewControllerExt.swift; sourceTree = "<group>"; };
/* End PBXFileReference section */

/* Begin PBXFrameworksBuildPhase section */
		104A1CD820037BF4007C5559 /* Frameworks */ = {
			isa = PBXFrameworksBuildPhase;
			buildActionMask = 2147483647;
			files = (
			);
			runOnlyForDeploymentPostprocessing = 0;
		};
/* End PBXFrameworksBuildPhase section */

/* Begin PBXGroup section */
		104A1CD220037BF4007C5559 = {
			isa = PBXGroup;
			children = (
				104A1CDD20037BF4007C5559 /* GoalPost-app */,
				104A1CDC20037BF4007C5559 /* Products */,
			);
			sourceTree = "<group>";
		};
		104A1CDC20037BF4007C5559 /* Products */ = {
			isa = PBXGroup;
			children = (
				104A1CDB20037BF4007C5559 /* GoalPost-app.app */,
			);
			name = Products;
			sourceTree = "<group>";
		};
		104A1CDD20037BF4007C5559 /* GoalPost-app */ = {
			isa = PBXGroup;
			children = (
				104A1CF720037FA0007C5559 /* Utilities */,
				104A1CF420037C45007C5559 /* View */,
				104A1CF320037C3C007C5559 /* Controller */,
				104A1CF620037C5F007C5559 /* Extensions */,
				104A1CF520037C4E007C5559 /* Enums */,
				104A1CDE20037BF4007C5559 /* AppDelegate.swift */,
				104A1CE220037BF4007C5559 /* Main.storyboard */,
				104A1CE820037BF4007C5559 /* Assets.xcassets */,
				104A1CEA20037BF4007C5559 /* LaunchScreen.storyboard */,
				104A1CED20037BF4007C5559 /* Info.plist */,
				104A1CE520037BF4007C5559 /* GoalPost_app.xcdatamodeld */,
			);
			path = "GoalPost-app";
			sourceTree = "<group>";
		};
		104A1CF320037C3C007C5559 /* Controller */ = {
			isa = PBXGroup;
			children = (
				104A1CE020037BF4007C5559 /* GoalsVC.swift */,
				104A1CFE2003AFB8007C5559 /* CreateGoalVC.swift */,
			);
			path = Controller;
			sourceTree = "<group>";
		};
		104A1CF420037C45007C5559 /* View */ = {
			isa = PBXGroup;
			children = (
				104A1CFA200383F5007C5559 /* GoalCell.swift */,
			);
			path = View;
			sourceTree = "<group>";
		};
		104A1CF520037C4E007C5559 /* Enums */ = {
			isa = PBXGroup;
			children = (
				104A1CFC20038904007C5559 /* GoalType.swift */,
			);
			path = Enums;
			sourceTree = "<group>";
		};
		104A1CF620037C5F007C5559 /* Extensions */ = {
			isa = PBXGroup;
			children = (
				104A1D002003B0B0007C5559 /* UIViewControllerExt.swift */,
			);
			path = Extensions;
			sourceTree = "<group>";
		};
		104A1CF720037FA0007C5559 /* Utilities */ = {
			isa = PBXGroup;
			children = (
				104A1CF820037FAA007C5559 /* Constants.swift */,
			);
			path = Utilities;
			sourceTree = "<group>";
		};
/* End PBXGroup section */

/* Begin PBXNativeTarget section */
		104A1CDA20037BF4007C5559 /* GoalPost-app */ = {
			isa = PBXNativeTarget;
			buildConfigurationList = 104A1CF020037BF4007C5559 /* Build configuration list for PBXNativeTarget "GoalPost-app" */;
			buildPhases = (
				104A1CD720037BF4007C5559 /* Sources */,
				104A1CD820037BF4007C5559 /* Frameworks */,
				104A1CD920037BF4007C5559 /* Resources */,
			);
			buildRules = (
			);
			dependencies = (
			);
			name = "GoalPost-app";
			productName = "GoalPost-app";
			productReference = 104A1CDB20037BF4007C5559 /* GoalPost-app.app */;
			productType = "com.apple.product-type.application";
		};
/* End PBXNativeTarget section */

/* Begin PBXProject section */
		104A1CD320037BF4007C5559 /* Project object */ = {
			isa = PBXProject;
			attributes = {
				LastSwiftUpdateCheck = 0920;
				LastUpgradeCheck = 0920;
				ORGANIZATIONNAME = "Hayden Jamieson";
				TargetAttributes = {
					104A1CDA20037BF4007C5559 = {
						CreatedOnToolsVersion = 9.2;
						ProvisioningStyle = Automatic;
					};
				};
			};
			buildConfigurationList = 104A1CD620037BF4007C5559 /* Build configuration list for PBXProject "GoalPost-app" */;
			compatibilityVersion = "Xcode 8.0";
			developmentRegion = en;
			hasScannedForEncodings = 0;
			knownRegions = (
				en,
				Base,
			);
			mainGroup = 104A1CD220037BF4007C5559;
			productRefGroup = 104A1CDC20037BF4007C5559 /* Products */;
			projectDirPath = "";
			projectRoot = "";
			targets = (
				104A1CDA20037BF4007C5559 /* GoalPost-app */,
			);
		};
/* End PBXProject section */

/* Begin PBXResourcesBuildPhase section */
		104A1CD920037BF4007C5559 /* Resources */ = {
			isa = PBXResourcesBuildPhase;
			buildActionMask = 2147483647;
			files = (
				104A1CEC20037BF4007C5559 /* LaunchScreen.storyboard in Resources */,
				104A1CE920037BF4007C5559 /* Assets.xcassets in Resources */,
				104A1CE420037BF4007C5559 /* Main.storyboard in Resources */,
			);
			runOnlyForDeploymentPostprocessing = 0;
		};
/* End PBXResourcesBuildPhase section */

/* Begin PBXSourcesBuildPhase section */
		104A1CD720037BF4007C5559 /* Sources */ = {
			isa = PBXSourcesBuildPhase;
			buildActionMask = 2147483647;
			files = (
				104A1CE120037BF4007C5559 /* GoalsVC.swift in Sources */,
				104A1CDF20037BF4007C5559 /* AppDelegate.swift in Sources */,
				104A1D012003B0B0007C5559 /* UIViewControllerExt.swift in Sources */,
				104A1CFD20038904007C5559 /* GoalType.swift in Sources */,
				104A1CE720037BF4007C5559 /* GoalPost_app.xcdatamodeld in Sources */,
				104A1CFF2003AFB8007C5559 /* CreateGoalVC.swift in Sources */,
				104A1CFB200383F5007C5559 /* GoalCell.swift in Sources */,
				104A1CF920037FAA007C5559 /* Constants.swift in Sources */,
			);
			runOnlyForDeploymentPostprocessing = 0;
		};
/* End PBXSourcesBuildPhase section */

/* Begin PBXVariantGroup section */
		104A1CE220037BF4007C5559 /* Main.storyboard */ = {
			isa = PBXVariantGroup;
			children = (
				104A1CE320037BF4007C5559 /* Base */,
			);
			name = Main.storyboard;
			sourceTree = "<group>";
		};
		104A1CEA20037BF4007C5559 /* LaunchScreen.storyboard */ = {
			isa = PBXVariantGroup;
			children = (
				104A1CEB20037BF4007C5559 /* Base */,
			);
			name = LaunchScreen.storyboard;
			sourceTree = "<group>";
		};
/* End PBXVariantGroup section */

/* Begin XCBuildConfiguration section */
		104A1CEE20037BF4007C5559 /* Debug */ = {
			isa = XCBuildConfiguration;
			buildSettings = {
				ALWAYS_SEARCH_USER_PATHS = NO;
				CLANG_ANALYZER_NONNULL = YES;
				CLANG_ANALYZER_NUMBER_OBJECT_CONVERSION = YES_AGGRESSIVE;
				CLANG_CXX_LANGUAGE_STANDARD = "gnu++14";
				CLANG_CXX_LIBRARY = "libc++";
				CLANG_ENABLE_MODULES = YES;
				CLANG_ENABLE_OBJC_ARC = YES;
				CLANG_WARN_BLOCK_CAPTURE_AUTORELEASING = YES;
				CLANG_WARN_BOOL_CONVERSION = YES;
				CLANG_WARN_COMMA = YES;
				CLANG_WARN_CONSTANT_CONVERSION = YES;
				CLANG_WARN_DIRECT_OBJC_ISA_USAGE = YES_ERROR;
				CLANG_WARN_DOCUMENTATION_COMMENTS = YES;
				CLANG_WARN_EMPTY_BODY = YES;
				CLANG_WARN_ENUM_CONVERSION = YES;
				CLANG_WARN_INFINITE_RECURSION = YES;
				CLANG_WARN_INT_CONVERSION = YES;
				CLANG_WARN_NON_LITERAL_NULL_CONVERSION = YES;
				CLANG_WARN_OBJC_LITERAL_CONVERSION = YES;
				CLANG_WARN_OBJC_ROOT_CLASS = YES_ERROR;
				CLANG_WARN_RANGE_LOOP_ANALYSIS = YES;
				CLANG_WARN_STRICT_PROTOTYPES = YES;
				CLANG_WARN_SUSPICIOUS_MOVE = YES;
				CLANG_WARN_UNGUARDED_AVAILABILITY = YES_AGGRESSIVE;
				CLANG_WARN_UNREACHABLE_CODE = YES;
				CLANG_WARN__DUPLICATE_METHOD_MATCH = YES;
				CODE_SIGN_IDENTITY = "iPhone Developer";
				COPY_PHASE_STRIP = NO;
				DEBUG_INFORMATION_FORMAT = dwarf;
				ENABLE_STRICT_OBJC_MSGSEND = YES;
				ENABLE_TESTABILITY = YES;
				GCC_C_LANGUAGE_STANDARD = gnu11;
				GCC_DYNAMIC_NO_PIC = NO;
				GCC_NO_COMMON_BLOCKS = YES;
				GCC_OPTIMIZATION_LEVEL = 0;
				GCC_PREPROCESSOR_DEFINITIONS = (
					"DEBUG=1",
					"$(inherited)",
				);
				GCC_WARN_64_TO_32_BIT_CONVERSION = YES;
				GCC_WARN_ABOUT_RETURN_TYPE = YES_ERROR;
				GCC_WARN_UNDECLARED_SELECTOR = YES;
				GCC_WARN_UNINITIALIZED_AUTOS = YES_AGGRESSIVE;
				GCC_WARN_UNUSED_FUNCTION = YES;
				GCC_WARN_UNUSED_VARIABLE = YES;
				IPHONEOS_DEPLOYMENT_TARGET = 11.2;
				MTL_ENABLE_DEBUG_INFO = YES;
				ONLY_ACTIVE_ARCH = YES;
				SDKROOT = iphoneos;
				SWIFT_ACTIVE_COMPILATION_CONDITIONS = DEBUG;
				SWIFT_OPTIMIZATION_LEVEL = "-Onone";
			};
			name = Debug;
		};
		104A1CEF20037BF4007C5559 /* Release */ = {
			isa = XCBuildConfiguration;
			buildSettings = {
				ALWAYS_SEARCH_USER_PATHS = NO;
				CLANG_ANALYZER_NONNULL = YES;
				CLANG_ANALYZER_NUMBER_OBJECT_CONVERSION = YES_AGGRESSIVE;
				CLANG_CXX_LANGUAGE_STANDARD = "gnu++14";
				CLANG_CXX_LIBRARY = "libc++";
				CLANG_ENABLE_MODULES = YES;
				CLANG_ENABLE_OBJC_ARC = YES;
				CLANG_WARN_BLOCK_CAPTURE_AUTORELEASING = YES;
				CLANG_WARN_BOOL_CONVERSION = YES;
				CLANG_WARN_COMMA = YES;
				CLANG_WARN_CONSTANT_CONVERSION = YES;
				CLANG_WARN_DIRECT_OBJC_ISA_USAGE = YES_ERROR;
				CLANG_WARN_DOCUMENTATION_COMMENTS = YES;
				CLANG_WARN_EMPTY_BODY = YES;
				CLANG_WARN_ENUM_CONVERSION = YES;
				CLANG_WARN_INFINITE_RECURSION = YES;
				CLANG_WARN_INT_CONVERSION = YES;
				CLANG_WARN_NON_LITERAL_NULL_CONVERSION = YES;
				CLANG_WARN_OBJC_LITERAL_CONVERSION = YES;
				CLANG_WARN_OBJC_ROOT_CLASS = YES_ERROR;
				CLANG_WARN_RANGE_LOOP_ANALYSIS = YES;
				CLANG_WARN_STRICT_PROTOTYPES = YES;
				CLANG_WARN_SUSPICIOUS_MOVE = YES;
				CLANG_WARN_UNGUARDED_AVAILABILITY = YES_AGGRESSIVE;
				CLANG_WARN_UNREACHABLE_CODE = YES;
				CLANG_WARN__DUPLICATE_METHOD_MATCH = YES;
				CODE_SIGN_IDENTITY = "iPhone Developer";
				COPY_PHASE_STRIP = NO;
				DEBUG_INFORMATION_FORMAT = "dwarf-with-dsym";
				ENABLE_NS_ASSERTIONS = NO;
				ENABLE_STRICT_OBJC_MSGSEND = YES;
				GCC_C_LANGUAGE_STANDARD = gnu11;
				GCC_NO_COMMON_BLOCKS = YES;
				GCC_WARN_64_TO_32_BIT_CONVERSION = YES;
				GCC_WARN_ABOUT_RETURN_TYPE = YES_ERROR;
				GCC_WARN_UNDECLARED_SELECTOR = YES;
				GCC_WARN_UNINITIALIZED_AUTOS = YES_AGGRESSIVE;
				GCC_WARN_UNUSED_FUNCTION = YES;
				GCC_WARN_UNUSED_VARIABLE = YES;
				IPHONEOS_DEPLOYMENT_TARGET = 11.2;
				MTL_ENABLE_DEBUG_INFO = NO;
				SDKROOT = iphoneos;
				SWIFT_OPTIMIZATION_LEVEL = "-Owholemodule";
				VALIDATE_PRODUCT = YES;
			};
			name = Release;
		};
		104A1CF120037BF4007C5559 /* Debug */ = {
			isa = XCBuildConfiguration;
			buildSettings = {
				ASSETCATALOG_COMPILER_APPICON_NAME = AppIcon;
				CODE_SIGN_STYLE = Automatic;
				DEVELOPMENT_TEAM = M42D57N49Z;
				INFOPLIST_FILE = "GoalPost-app/Info.plist";
				LD_RUNPATH_SEARCH_PATHS = "$(inherited) @executable_path/Frameworks";
				PRODUCT_BUNDLE_IDENTIFIER = "com.HaydenJamieson.GoalPost-app";
				PRODUCT_NAME = "$(TARGET_NAME)";
				SWIFT_VERSION = 4.0;
				TARGETED_DEVICE_FAMILY = "1,2";
			};
			name = Debug;
		};
		104A1CF220037BF4007C5559 /* Release */ = {
			isa = XCBuildConfiguration;
			buildSettings = {
				ASSETCATALOG_COMPILER_APPICON_NAME = AppIcon;
				CODE_SIGN_STYLE = Automatic;
				DEVELOPMENT_TEAM = M42D57N49Z;
				INFOPLIST_FILE = "GoalPost-app/Info.plist";
				LD_RUNPATH_SEARCH_PATHS = "$(inherited) @executable_path/Frameworks";
				PRODUCT_BUNDLE_IDENTIFIER = "com.HaydenJamieson.GoalPost-app";
				PRODUCT_NAME = "$(TARGET_NAME)";
				SWIFT_VERSION = 4.0;
				TARGETED_DEVICE_FAMILY = "1,2";
			};
			name = Release;
		};
/* End XCBuildConfiguration section */

/* Begin XCConfigurationList section */
		104A1CD620037BF4007C5559 /* Build configuration list for PBXProject "GoalPost-app" */ = {
			isa = XCConfigurationList;
			buildConfigurations = (
				104A1CEE20037BF4007C5559 /* Debug */,
				104A1CEF20037BF4007C5559 /* Release */,
			);
			defaultConfigurationIsVisible = 0;
			defaultConfigurationName = Release;
		};
		104A1CF020037BF4007C5559 /* Build configuration list for PBXNativeTarget "GoalPost-app" */ = {
			isa = XCConfigurationList;
			buildConfigurations = (
				104A1CF120037BF4007C5559 /* Debug */,
				104A1CF220037BF4007C5559 /* Release */,
			);
			defaultConfigurationIsVisible = 0;
			defaultConfigurationName = Release;
		};
/* End XCConfigurationList section */

/* Begin XCVersionGroup section */
		104A1CE520037BF4007C5559 /* GoalPost_app.xcdatamodeld */ = {
			isa = XCVersionGroup;
			children = (
				104A1CE620037BF4007C5559 /* GoalPost_app.xcdatamodel */,
			);
			currentVersion = 104A1CE620037BF4007C5559 /* GoalPost_app.xcdatamodel */;
			path = GoalPost_app.xcdatamodeld;
			sourceTree = "<group>";
			versionGroupType = wrapper.xcdatamodel;
		};
/* End XCVersionGroup section */
	};
	rootObject = 104A1CD320037BF4007C5559 /* Project object */;
}
